// !$*UTF8*$!
{
	archiveVersion = 1;
	classes = {
	};
	objectVersion = 56;
	objects = {

/* Begin PBXBuildFile section */
		097D4CDD2C06EF6A005CD630 /* FlashcardsApp.swift in Sources */ = {isa = PBXBuildFile; fileRef = 097D4CDC2C06EF6A005CD630 /* FlashcardsApp.swift */; };
		097D4CDF2C06EF6A005CD630 /* ContentView.swift in Sources */ = {isa = PBXBuildFile; fileRef = 097D4CDE2C06EF6A005CD630 /* ContentView.swift */; };
		097D4CE12C06EF6C005CD630 /* Assets.xcassets in Resources */ = {isa = PBXBuildFile; fileRef = 097D4CE02C06EF6C005CD630 /* Assets.xcassets */; };
		097D4CE42C06EF6C005CD630 /* Preview Assets.xcassets in Resources */ = {isa = PBXBuildFile; fileRef = 097D4CE32C06EF6C005CD630 /* Preview Assets.xcassets */; };
		097D4CEE2C06EF6C005CD630 /* FlashcardsTests.swift in Sources */ = {isa = PBXBuildFile; fileRef = 097D4CED2C06EF6C005CD630 /* FlashcardsTests.swift */; };
		097D4CF82C06EF6C005CD630 /* FlashcardsUITests.swift in Sources */ = {isa = PBXBuildFile; fileRef = 097D4CF72C06EF6C005CD630 /* FlashcardsUITests.swift */; };
		097D4CFA2C06EF6C005CD630 /* FlashcardsUITestsLaunchTests.swift in Sources */ = {isa = PBXBuildFile; fileRef = 097D4CF92C06EF6C005CD630 /* FlashcardsUITestsLaunchTests.swift */; };
		097D4D0A2C06F8BE005CD630 /* Book.swift in Sources */ = {isa = PBXBuildFile; fileRef = 097D4D092C06F8BE005CD630 /* Book.swift */; };
		097D4D0D2C06F8DA005CD630 /* Chapter.swift in Sources */ = {isa = PBXBuildFile; fileRef = 097D4D0C2C06F8DA005CD630 /* Chapter.swift */; };
		097D4D0F2C06F8EB005CD630 /* Flashcard.swift in Sources */ = {isa = PBXBuildFile; fileRef = 097D4D0E2C06F8EB005CD630 /* Flashcard.swift */; };
		097D4D112C06F9B1005CD630 /* FlashcardViewModel.swift in Sources */ = {isa = PBXBuildFile; fileRef = 097D4D102C06F9B1005CD630 /* FlashcardViewModel.swift */; };
		097D4D152C06FA01005CD630 /* BookView.swift in Sources */ = {isa = PBXBuildFile; fileRef = 097D4D142C06FA01005CD630 /* BookView.swift */; };
		097D4D192C06FA54005CD630 /* ChapterView.swift in Sources */ = {isa = PBXBuildFile; fileRef = 097D4D182C06FA54005CD630 /* ChapterView.swift */; };
		097D4D1B2C06FD43005CD630 /* EditableTextField.swift in Sources */ = {isa = PBXBuildFile; fileRef = 097D4D1A2C06FD43005CD630 /* EditableTextField.swift */; };
		097D4D1D2C0701DC005CD630 /* FlashcardView.swift in Sources */ = {isa = PBXBuildFile; fileRef = 097D4D1C2C0701DC005CD630 /* FlashcardView.swift */; };
		097D4D1F2C079633005CD630 /* EditableTextEditor.swift in Sources */ = {isa = PBXBuildFile; fileRef = 097D4D1E2C079633005CD630 /* EditableTextEditor.swift */; };
		097D4D212C07A1AA005CD630 /* AddItemView.swift in Sources */ = {isa = PBXBuildFile; fileRef = 097D4D202C07A1AA005CD630 /* AddItemView.swift */; };
		097D4D232C07A1C4005CD630 /* NotesView.swift in Sources */ = {isa = PBXBuildFile; fileRef = 097D4D222C07A1C4005CD630 /* NotesView.swift */; };
		097D4D252C07A255005CD630 /* Note.swift in Sources */ = {isa = PBXBuildFile; fileRef = 097D4D242C07A255005CD630 /* Note.swift */; };
		097D4D272C07B208005CD630 /* BookListView.swift in Sources */ = {isa = PBXBuildFile; fileRef = 097D4D262C07B208005CD630 /* BookListView.swift */; };
		097D4D292C07B4AA005CD630 /* HomeView.swift in Sources */ = {isa = PBXBuildFile; fileRef = 097D4D282C07B4AA005CD630 /* HomeView.swift */; };
		097D4D2E2C07C926005CD630 /* DataStore.swift in Sources */ = {isa = PBXBuildFile; fileRef = 097D4D2D2C07C926005CD630 /* DataStore.swift */; };
		09DC91112C07DE30007370D6 /* ProfileView.swift in Sources */ = {isa = PBXBuildFile; fileRef = 09DC91102C07DE30007370D6 /* ProfileView.swift */; };
		09DC91172C080FDC007370D6 /* NoteDetailView.swift in Sources */ = {isa = PBXBuildFile; fileRef = 09DC91162C080FDC007370D6 /* NoteDetailView.swift */; };
/* End PBXBuildFile section */

/* Begin PBXContainerItemProxy section */
		097D4CEA2C06EF6C005CD630 /* PBXContainerItemProxy */ = {
			isa = PBXContainerItemProxy;
			containerPortal = 097D4CD12C06EF6A005CD630 /* Project object */;
			proxyType = 1;
			remoteGlobalIDString = 097D4CD82C06EF6A005CD630;
			remoteInfo = Flashcards;
		};
		097D4CF42C06EF6C005CD630 /* PBXContainerItemProxy */ = {
			isa = PBXContainerItemProxy;
			containerPortal = 097D4CD12C06EF6A005CD630 /* Project object */;
			proxyType = 1;
			remoteGlobalIDString = 097D4CD82C06EF6A005CD630;
			remoteInfo = Flashcards;
		};
/* End PBXContainerItemProxy section */

/* Begin PBXFileReference section */
		097D4CD92C06EF6A005CD630 /* Flashcards.app */ = {isa = PBXFileReference; explicitFileType = wrapper.application; includeInIndex = 0; path = Flashcards.app; sourceTree = BUILT_PRODUCTS_DIR; };
		097D4CDC2C06EF6A005CD630 /* FlashcardsApp.swift */ = {isa = PBXFileReference; lastKnownFileType = sourcecode.swift; path = FlashcardsApp.swift; sourceTree = "<group>"; };
		097D4CDE2C06EF6A005CD630 /* ContentView.swift */ = {isa = PBXFileReference; lastKnownFileType = sourcecode.swift; path = ContentView.swift; sourceTree = "<group>"; };
		097D4CE02C06EF6C005CD630 /* Assets.xcassets */ = {isa = PBXFileReference; lastKnownFileType = folder.assetcatalog; path = Assets.xcassets; sourceTree = "<group>"; };
		097D4CE32C06EF6C005CD630 /* Preview Assets.xcassets */ = {isa = PBXFileReference; lastKnownFileType = folder.assetcatalog; path = "Preview Assets.xcassets"; sourceTree = "<group>"; };
		097D4CE92C06EF6C005CD630 /* FlashcardsTests.xctest */ = {isa = PBXFileReference; explicitFileType = wrapper.cfbundle; includeInIndex = 0; path = FlashcardsTests.xctest; sourceTree = BUILT_PRODUCTS_DIR; };
		097D4CED2C06EF6C005CD630 /* FlashcardsTests.swift */ = {isa = PBXFileReference; lastKnownFileType = sourcecode.swift; path = FlashcardsTests.swift; sourceTree = "<group>"; };
		097D4CF32C06EF6C005CD630 /* FlashcardsUITests.xctest */ = {isa = PBXFileReference; explicitFileType = wrapper.cfbundle; includeInIndex = 0; path = FlashcardsUITests.xctest; sourceTree = BUILT_PRODUCTS_DIR; };
		097D4CF72C06EF6C005CD630 /* FlashcardsUITests.swift */ = {isa = PBXFileReference; lastKnownFileType = sourcecode.swift; path = FlashcardsUITests.swift; sourceTree = "<group>"; };
		097D4CF92C06EF6C005CD630 /* FlashcardsUITestsLaunchTests.swift */ = {isa = PBXFileReference; lastKnownFileType = sourcecode.swift; path = FlashcardsUITestsLaunchTests.swift; sourceTree = "<group>"; };
		097D4D092C06F8BE005CD630 /* Book.swift */ = {isa = PBXFileReference; lastKnownFileType = sourcecode.swift; path = Book.swift; sourceTree = "<group>"; };
		097D4D0C2C06F8DA005CD630 /* Chapter.swift */ = {isa = PBXFileReference; lastKnownFileType = sourcecode.swift; path = Chapter.swift; sourceTree = "<group>"; };
		097D4D0E2C06F8EB005CD630 /* Flashcard.swift */ = {isa = PBXFileReference; lastKnownFileType = sourcecode.swift; path = Flashcard.swift; sourceTree = "<group>"; };
		097D4D102C06F9B1005CD630 /* FlashcardViewModel.swift */ = {isa = PBXFileReference; lastKnownFileType = sourcecode.swift; path = FlashcardViewModel.swift; sourceTree = "<group>"; };
		097D4D142C06FA01005CD630 /* BookView.swift */ = {isa = PBXFileReference; lastKnownFileType = sourcecode.swift; path = BookView.swift; sourceTree = "<group>"; };
		097D4D182C06FA54005CD630 /* ChapterView.swift */ = {isa = PBXFileReference; lastKnownFileType = sourcecode.swift; path = ChapterView.swift; sourceTree = "<group>"; };
		097D4D1A2C06FD43005CD630 /* EditableTextField.swift */ = {isa = PBXFileReference; lastKnownFileType = sourcecode.swift; path = EditableTextField.swift; sourceTree = "<group>"; };
		097D4D1C2C0701DC005CD630 /* FlashcardView.swift */ = {isa = PBXFileReference; lastKnownFileType = sourcecode.swift; path = FlashcardView.swift; sourceTree = "<group>"; };
		097D4D1E2C079633005CD630 /* EditableTextEditor.swift */ = {isa = PBXFileReference; lastKnownFileType = sourcecode.swift; path = EditableTextEditor.swift; sourceTree = "<group>"; };
		097D4D202C07A1AA005CD630 /* AddItemView.swift */ = {isa = PBXFileReference; lastKnownFileType = sourcecode.swift; path = AddItemView.swift; sourceTree = "<group>"; };
		097D4D222C07A1C4005CD630 /* NotesView.swift */ = {isa = PBXFileReference; lastKnownFileType = sourcecode.swift; path = NotesView.swift; sourceTree = "<group>"; };
		097D4D242C07A255005CD630 /* Note.swift */ = {isa = PBXFileReference; lastKnownFileType = sourcecode.swift; path = Note.swift; sourceTree = "<group>"; };
		097D4D262C07B208005CD630 /* BookListView.swift */ = {isa = PBXFileReference; lastKnownFileType = sourcecode.swift; path = BookListView.swift; sourceTree = "<group>"; };
		097D4D282C07B4AA005CD630 /* HomeView.swift */ = {isa = PBXFileReference; lastKnownFileType = sourcecode.swift; path = HomeView.swift; sourceTree = "<group>"; };
		097D4D2D2C07C926005CD630 /* DataStore.swift */ = {isa = PBXFileReference; lastKnownFileType = sourcecode.swift; path = DataStore.swift; sourceTree = "<group>"; };
		09DC91102C07DE30007370D6 /* ProfileView.swift */ = {isa = PBXFileReference; lastKnownFileType = sourcecode.swift; path = ProfileView.swift; sourceTree = "<group>"; };
		09DC91162C080FDC007370D6 /* NoteDetailView.swift */ = {isa = PBXFileReference; lastKnownFileType = sourcecode.swift; path = NoteDetailView.swift; sourceTree = "<group>"; };
/* End PBXFileReference section */

/* Begin PBXFrameworksBuildPhase section */
		097D4CD62C06EF6A005CD630 /* Frameworks */ = {
			isa = PBXFrameworksBuildPhase;
			buildActionMask = 2147483647;
			files = (
			);
			runOnlyForDeploymentPostprocessing = 0;
		};
		097D4CE62C06EF6C005CD630 /* Frameworks */ = {
			isa = PBXFrameworksBuildPhase;
			buildActionMask = 2147483647;
			files = (
			);
			runOnlyForDeploymentPostprocessing = 0;
		};
		097D4CF02C06EF6C005CD630 /* Frameworks */ = {
			isa = PBXFrameworksBuildPhase;
			buildActionMask = 2147483647;
			files = (
			);
			runOnlyForDeploymentPostprocessing = 0;
		};
/* End PBXFrameworksBuildPhase section */

/* Begin PBXGroup section */
		097D4CD02C06EF6A005CD630 = {
			isa = PBXGroup;
			children = (
				097D4CDB2C06EF6A005CD630 /* Flashcards */,
				097D4CEC2C06EF6C005CD630 /* FlashcardsTests */,
				097D4CF62C06EF6C005CD630 /* FlashcardsUITests */,
				097D4CDA2C06EF6A005CD630 /* Products */,
			);
			sourceTree = "<group>";
		};
		097D4CDA2C06EF6A005CD630 /* Products */ = {
			isa = PBXGroup;
			children = (
				097D4CD92C06EF6A005CD630 /* Flashcards.app */,
				097D4CE92C06EF6C005CD630 /* FlashcardsTests.xctest */,
				097D4CF32C06EF6C005CD630 /* FlashcardsUITests.xctest */,
			);
			name = Products;
			sourceTree = "<group>";
		};
		097D4CDB2C06EF6A005CD630 /* Flashcards */ = {
			isa = PBXGroup;
			children = (
				097D4D082C06F88C005CD630 /* Views */,
				097D4D072C06F883005CD630 /* ViewModels */,
				097D4D062C06F871005CD630 /* Models */,
				097D4CDC2C06EF6A005CD630 /* FlashcardsApp.swift */,
				097D4CDE2C06EF6A005CD630 /* ContentView.swift */,
				097D4CE02C06EF6C005CD630 /* Assets.xcassets */,
				097D4CE22C06EF6C005CD630 /* Preview Content */,
			);
			path = Flashcards;
			sourceTree = "<group>";
		};
		097D4CE22C06EF6C005CD630 /* Preview Content */ = {
			isa = PBXGroup;
			children = (
				097D4CE32C06EF6C005CD630 /* Preview Assets.xcassets */,
			);
			path = "Preview Content";
			sourceTree = "<group>";
		};
		097D4CEC2C06EF6C005CD630 /* FlashcardsTests */ = {
			isa = PBXGroup;
			children = (
				097D4CED2C06EF6C005CD630 /* FlashcardsTests.swift */,
			);
			path = FlashcardsTests;
			sourceTree = "<group>";
		};
		097D4CF62C06EF6C005CD630 /* FlashcardsUITests */ = {
			isa = PBXGroup;
			children = (
				097D4CF72C06EF6C005CD630 /* FlashcardsUITests.swift */,
				097D4CF92C06EF6C005CD630 /* FlashcardsUITestsLaunchTests.swift */,
			);
			path = FlashcardsUITests;
			sourceTree = "<group>";
		};
		097D4D062C06F871005CD630 /* Models */ = {
			isa = PBXGroup;
			children = (
				097D4D092C06F8BE005CD630 /* Book.swift */,
				097D4D0C2C06F8DA005CD630 /* Chapter.swift */,
				097D4D0E2C06F8EB005CD630 /* Flashcard.swift */,
				097D4D242C07A255005CD630 /* Note.swift */,
			);
			path = Models;
			sourceTree = "<group>";
		};
		097D4D072C06F883005CD630 /* ViewModels */ = {
			isa = PBXGroup;
			children = (
				097D4D2D2C07C926005CD630 /* DataStore.swift */,
				097D4D102C06F9B1005CD630 /* FlashcardViewModel.swift */,
			);
			path = ViewModels;
			sourceTree = "<group>";
		};
		097D4D082C06F88C005CD630 /* Views */ = {
			isa = PBXGroup;
			children = (
				097D4D142C06FA01005CD630 /* BookView.swift */,
				097D4D182C06FA54005CD630 /* ChapterView.swift */,
				097D4D1A2C06FD43005CD630 /* EditableTextField.swift */,
				097D4D1C2C0701DC005CD630 /* FlashcardView.swift */,
				097D4D1E2C079633005CD630 /* EditableTextEditor.swift */,
				097D4D202C07A1AA005CD630 /* AddItemView.swift */,
				097D4D222C07A1C4005CD630 /* NotesView.swift */,
				097D4D262C07B208005CD630 /* BookListView.swift */,
				09DC91102C07DE30007370D6 /* ProfileView.swift */,
				09DC91162C080FDC007370D6 /* NoteDetailView.swift */,
				097D4D282C07B4AA005CD630 /* HomeView.swift */,
			);
			path = Views;
			sourceTree = "<group>";
		};
/* End PBXGroup section */

/* Begin PBXNativeTarget section */
		097D4CD82C06EF6A005CD630 /* Flashcards */ = {
			isa = PBXNativeTarget;
			buildConfigurationList = 097D4CFD2C06EF6C005CD630 /* Build configuration list for PBXNativeTarget "Flashcards" */;
			buildPhases = (
				097D4CD52C06EF6A005CD630 /* Sources */,
				097D4CD62C06EF6A005CD630 /* Frameworks */,
				097D4CD72C06EF6A005CD630 /* Resources */,
			);
			buildRules = (
			);
			dependencies = (
			);
			name = Flashcards;
			productName = Flashcards;
			productReference = 097D4CD92C06EF6A005CD630 /* Flashcards.app */;
			productType = "com.apple.product-type.application";
		};
		097D4CE82C06EF6C005CD630 /* FlashcardsTests */ = {
			isa = PBXNativeTarget;
			buildConfigurationList = 097D4D002C06EF6C005CD630 /* Build configuration list for PBXNativeTarget "FlashcardsTests" */;
			buildPhases = (
				097D4CE52C06EF6C005CD630 /* Sources */,
				097D4CE62C06EF6C005CD630 /* Frameworks */,
				097D4CE72C06EF6C005CD630 /* Resources */,
			);
			buildRules = (
			);
			dependencies = (
				097D4CEB2C06EF6C005CD630 /* PBXTargetDependency */,
			);
			name = FlashcardsTests;
			productName = FlashcardsTests;
			productReference = 097D4CE92C06EF6C005CD630 /* FlashcardsTests.xctest */;
			productType = "com.apple.product-type.bundle.unit-test";
		};
		097D4CF22C06EF6C005CD630 /* FlashcardsUITests */ = {
			isa = PBXNativeTarget;
			buildConfigurationList = 097D4D032C06EF6C005CD630 /* Build configuration list for PBXNativeTarget "FlashcardsUITests" */;
			buildPhases = (
				097D4CEF2C06EF6C005CD630 /* Sources */,
				097D4CF02C06EF6C005CD630 /* Frameworks */,
				097D4CF12C06EF6C005CD630 /* Resources */,
			);
			buildRules = (
			);
			dependencies = (
				097D4CF52C06EF6C005CD630 /* PBXTargetDependency */,
			);
			name = FlashcardsUITests;
			productName = FlashcardsUITests;
			productReference = 097D4CF32C06EF6C005CD630 /* FlashcardsUITests.xctest */;
			productType = "com.apple.product-type.bundle.ui-testing";
		};
/* End PBXNativeTarget section */

/* Begin PBXProject section */
		097D4CD12C06EF6A005CD630 /* Project object */ = {
			isa = PBXProject;
			attributes = {
				BuildIndependentTargetsInParallel = 1;
				LastSwiftUpdateCheck = 1540;
				LastUpgradeCheck = 1540;
				TargetAttributes = {
					097D4CD82C06EF6A005CD630 = {
						CreatedOnToolsVersion = 15.4;
					};
					097D4CE82C06EF6C005CD630 = {
						CreatedOnToolsVersion = 15.4;
						TestTargetID = 097D4CD82C06EF6A005CD630;
					};
					097D4CF22C06EF6C005CD630 = {
						CreatedOnToolsVersion = 15.4;
						TestTargetID = 097D4CD82C06EF6A005CD630;
					};
				};
			};
			buildConfigurationList = 097D4CD42C06EF6A005CD630 /* Build configuration list for PBXProject "Flashcards" */;
			compatibilityVersion = "Xcode 14.0";
			developmentRegion = en;
			hasScannedForEncodings = 0;
			knownRegions = (
				en,
				Base,
			);
			mainGroup = 097D4CD02C06EF6A005CD630;
			productRefGroup = 097D4CDA2C06EF6A005CD630 /* Products */;
			projectDirPath = "";
			projectRoot = "";
			targets = (
				097D4CD82C06EF6A005CD630 /* Flashcards */,
				097D4CE82C06EF6C005CD630 /* FlashcardsTests */,
				097D4CF22C06EF6C005CD630 /* FlashcardsUITests */,
			);
		};
/* End PBXProject section */

/* Begin PBXResourcesBuildPhase section */
		097D4CD72C06EF6A005CD630 /* Resources */ = {
			isa = PBXResourcesBuildPhase;
			buildActionMask = 2147483647;
			files = (
				097D4CE42C06EF6C005CD630 /* Preview Assets.xcassets in Resources */,
				097D4CE12C06EF6C005CD630 /* Assets.xcassets in Resources */,
			);
			runOnlyForDeploymentPostprocessing = 0;
		};
		097D4CE72C06EF6C005CD630 /* Resources */ = {
			isa = PBXResourcesBuildPhase;
			buildActionMask = 2147483647;
			files = (
			);
			runOnlyForDeploymentPostprocessing = 0;
		};
		097D4CF12C06EF6C005CD630 /* Resources */ = {
			isa = PBXResourcesBuildPhase;
			buildActionMask = 2147483647;
			files = (
			);
			runOnlyForDeploymentPostprocessing = 0;
		};
/* End PBXResourcesBuildPhase section */

/* Begin PBXSourcesBuildPhase section */
		097D4CD52C06EF6A005CD630 /* Sources */ = {
			isa = PBXSourcesBuildPhase;
			buildActionMask = 2147483647;
			files = (
				097D4CDF2C06EF6A005CD630 /* ContentView.swift in Sources */,
				097D4D1D2C0701DC005CD630 /* FlashcardView.swift in Sources */,
				097D4D2E2C07C926005CD630 /* DataStore.swift in Sources */,
				097D4D1F2C079633005CD630 /* EditableTextEditor.swift in Sources */,
				097D4D272C07B208005CD630 /* BookListView.swift in Sources */,
				097D4D0F2C06F8EB005CD630 /* Flashcard.swift in Sources */,
				097D4D1B2C06FD43005CD630 /* EditableTextField.swift in Sources */,
				097D4CDD2C06EF6A005CD630 /* FlashcardsApp.swift in Sources */,
				097D4D112C06F9B1005CD630 /* FlashcardViewModel.swift in Sources */,
				097D4D212C07A1AA005CD630 /* AddItemView.swift in Sources */,
				09DC91172C080FDC007370D6 /* NoteDetailView.swift in Sources */,
				09DC91112C07DE30007370D6 /* ProfileView.swift in Sources */,
				097D4D0A2C06F8BE005CD630 /* Book.swift in Sources */,
				097D4D252C07A255005CD630 /* Note.swift in Sources */,
				097D4D232C07A1C4005CD630 /* NotesView.swift in Sources */,
				097D4D152C06FA01005CD630 /* BookView.swift in Sources */,
				097D4D292C07B4AA005CD630 /* HomeView.swift in Sources */,
				097D4D192C06FA54005CD630 /* ChapterView.swift in Sources */,
				097D4D0D2C06F8DA005CD630 /* Chapter.swift in Sources */,
			);
			runOnlyForDeploymentPostprocessing = 0;
		};
		097D4CE52C06EF6C005CD630 /* Sources */ = {
			isa = PBXSourcesBuildPhase;
			buildActionMask = 2147483647;
			files = (
				097D4CEE2C06EF6C005CD630 /* FlashcardsTests.swift in Sources */,
			);
			runOnlyForDeploymentPostprocessing = 0;
		};
		097D4CEF2C06EF6C005CD630 /* Sources */ = {
			isa = PBXSourcesBuildPhase;
			buildActionMask = 2147483647;
			files = (
				097D4CF82C06EF6C005CD630 /* FlashcardsUITests.swift in Sources */,
				097D4CFA2C06EF6C005CD630 /* FlashcardsUITestsLaunchTests.swift in Sources */,
			);
			runOnlyForDeploymentPostprocessing = 0;
		};
/* End PBXSourcesBuildPhase section */

/* Begin PBXTargetDependency section */
		097D4CEB2C06EF6C005CD630 /* PBXTargetDependency */ = {
			isa = PBXTargetDependency;
			target = 097D4CD82C06EF6A005CD630 /* Flashcards */;
			targetProxy = 097D4CEA2C06EF6C005CD630 /* PBXContainerItemProxy */;
		};
		097D4CF52C06EF6C005CD630 /* PBXTargetDependency */ = {
			isa = PBXTargetDependency;
			target = 097D4CD82C06EF6A005CD630 /* Flashcards */;
			targetProxy = 097D4CF42C06EF6C005CD630 /* PBXContainerItemProxy */;
		};
/* End PBXTargetDependency section */

/* Begin XCBuildConfiguration section */
		097D4CFB2C06EF6C005CD630 /* Debug */ = {
			isa = XCBuildConfiguration;
			buildSettings = {
				ALWAYS_SEARCH_USER_PATHS = NO;
				ASSETCATALOG_COMPILER_GENERATE_SWIFT_ASSET_SYMBOL_EXTENSIONS = YES;
				CLANG_ANALYZER_NONNULL = YES;
				CLANG_ANALYZER_NUMBER_OBJECT_CONVERSION = YES_AGGRESSIVE;
				CLANG_CXX_LANGUAGE_STANDARD = "gnu++20";
				CLANG_ENABLE_MODULES = YES;
				CLANG_ENABLE_OBJC_ARC = YES;
				CLANG_ENABLE_OBJC_WEAK = YES;
				CLANG_WARN_BLOCK_CAPTURE_AUTORELEASING = YES;
				CLANG_WARN_BOOL_CONVERSION = YES;
				CLANG_WARN_COMMA = YES;
				CLANG_WARN_CONSTANT_CONVERSION = YES;
				CLANG_WARN_DEPRECATED_OBJC_IMPLEMENTATIONS = YES;
				CLANG_WARN_DIRECT_OBJC_ISA_USAGE = YES_ERROR;
				CLANG_WARN_DOCUMENTATION_COMMENTS = YES;
				CLANG_WARN_EMPTY_BODY = YES;
				CLANG_WARN_ENUM_CONVERSION = YES;
				CLANG_WARN_INFINITE_RECURSION = YES;
				CLANG_WARN_INT_CONVERSION = YES;
				CLANG_WARN_NON_LITERAL_NULL_CONVERSION = YES;
				CLANG_WARN_OBJC_IMPLICIT_RETAIN_SELF = YES;
				CLANG_WARN_OBJC_LITERAL_CONVERSION = YES;
				CLANG_WARN_OBJC_ROOT_CLASS = YES_ERROR;
				CLANG_WARN_QUOTED_INCLUDE_IN_FRAMEWORK_HEADER = YES;
				CLANG_WARN_RANGE_LOOP_ANALYSIS = YES;
				CLANG_WARN_STRICT_PROTOTYPES = YES;
				CLANG_WARN_SUSPICIOUS_MOVE = YES;
				CLANG_WARN_UNGUARDED_AVAILABILITY = YES_AGGRESSIVE;
				CLANG_WARN_UNREACHABLE_CODE = YES;
				CLANG_WARN__DUPLICATE_METHOD_MATCH = YES;
				COPY_PHASE_STRIP = NO;
				DEBUG_INFORMATION_FORMAT = dwarf;
				ENABLE_STRICT_OBJC_MSGSEND = YES;
				ENABLE_TESTABILITY = YES;
				ENABLE_USER_SCRIPT_SANDBOXING = YES;
				GCC_C_LANGUAGE_STANDARD = gnu17;
				GCC_DYNAMIC_NO_PIC = NO;
				GCC_NO_COMMON_BLOCKS = YES;
				GCC_OPTIMIZATION_LEVEL = 0;
				GCC_PREPROCESSOR_DEFINITIONS = (
					"DEBUG=1",
					"$(inherited)",
				);
				GCC_WARN_64_TO_32_BIT_CONVERSION = YES;
				GCC_WARN_ABOUT_RETURN_TYPE = YES_ERROR;
				GCC_WARN_UNDECLARED_SELECTOR = YES;
				GCC_WARN_UNINITIALIZED_AUTOS = YES_AGGRESSIVE;
				GCC_WARN_UNUSED_FUNCTION = YES;
				GCC_WARN_UNUSED_VARIABLE = YES;
				IPHONEOS_DEPLOYMENT_TARGET = 15.1;
				LOCALIZATION_PREFERS_STRING_CATALOGS = YES;
				MTL_ENABLE_DEBUG_INFO = INCLUDE_SOURCE;
				MTL_FAST_MATH = YES;
				ONLY_ACTIVE_ARCH = YES;
				SDKROOT = iphoneos;
				SWIFT_ACTIVE_COMPILATION_CONDITIONS = "DEBUG $(inherited)";
				SWIFT_OPTIMIZATION_LEVEL = "-Onone";
			};
			name = Debug;
		};
		097D4CFC2C06EF6C005CD630 /* Release */ = {
			isa = XCBuildConfiguration;
			buildSettings = {
				ALWAYS_SEARCH_USER_PATHS = NO;
				ASSETCATALOG_COMPILER_GENERATE_SWIFT_ASSET_SYMBOL_EXTENSIONS = YES;
				CLANG_ANALYZER_NONNULL = YES;
				CLANG_ANALYZER_NUMBER_OBJECT_CONVERSION = YES_AGGRESSIVE;
				CLANG_CXX_LANGUAGE_STANDARD = "gnu++20";
				CLANG_ENABLE_MODULES = YES;
				CLANG_ENABLE_OBJC_ARC = YES;
				CLANG_ENABLE_OBJC_WEAK = YES;
				CLANG_WARN_BLOCK_CAPTURE_AUTORELEASING = YES;
				CLANG_WARN_BOOL_CONVERSION = YES;
				CLANG_WARN_COMMA = YES;
				CLANG_WARN_CONSTANT_CONVERSION = YES;
				CLANG_WARN_DEPRECATED_OBJC_IMPLEMENTATIONS = YES;
				CLANG_WARN_DIRECT_OBJC_ISA_USAGE = YES_ERROR;
				CLANG_WARN_DOCUMENTATION_COMMENTS = YES;
				CLANG_WARN_EMPTY_BODY = YES;
				CLANG_WARN_ENUM_CONVERSION = YES;
				CLANG_WARN_INFINITE_RECURSION = YES;
				CLANG_WARN_INT_CONVERSION = YES;
				CLANG_WARN_NON_LITERAL_NULL_CONVERSION = YES;
				CLANG_WARN_OBJC_IMPLICIT_RETAIN_SELF = YES;
				CLANG_WARN_OBJC_LITERAL_CONVERSION = YES;
				CLANG_WARN_OBJC_ROOT_CLASS = YES_ERROR;
				CLANG_WARN_QUOTED_INCLUDE_IN_FRAMEWORK_HEADER = YES;
				CLANG_WARN_RANGE_LOOP_ANALYSIS = YES;
				CLANG_WARN_STRICT_PROTOTYPES = YES;
				CLANG_WARN_SUSPICIOUS_MOVE = YES;
				CLANG_WARN_UNGUARDED_AVAILABILITY = YES_AGGRESSIVE;
				CLANG_WARN_UNREACHABLE_CODE = YES;
				CLANG_WARN__DUPLICATE_METHOD_MATCH = YES;
				COPY_PHASE_STRIP = NO;
				DEBUG_INFORMATION_FORMAT = "dwarf-with-dsym";
				ENABLE_NS_ASSERTIONS = NO;
				ENABLE_STRICT_OBJC_MSGSEND = YES;
				ENABLE_USER_SCRIPT_SANDBOXING = YES;
				GCC_C_LANGUAGE_STANDARD = gnu17;
				GCC_NO_COMMON_BLOCKS = YES;
				GCC_WARN_64_TO_32_BIT_CONVERSION = YES;
				GCC_WARN_ABOUT_RETURN_TYPE = YES_ERROR;
				GCC_WARN_UNDECLARED_SELECTOR = YES;
				GCC_WARN_UNINITIALIZED_AUTOS = YES_AGGRESSIVE;
				GCC_WARN_UNUSED_FUNCTION = YES;
				GCC_WARN_UNUSED_VARIABLE = YES;
				IPHONEOS_DEPLOYMENT_TARGET = 15.1;
				LOCALIZATION_PREFERS_STRING_CATALOGS = YES;
				MTL_ENABLE_DEBUG_INFO = NO;
				MTL_FAST_MATH = YES;
				SDKROOT = iphoneos;
				SWIFT_COMPILATION_MODE = wholemodule;
				VALIDATE_PRODUCT = YES;
			};
			name = Release;
		};
		097D4CFE2C06EF6C005CD630 /* Debug */ = {
			isa = XCBuildConfiguration;
			buildSettings = {
				ASSETCATALOG_COMPILER_APPICON_NAME = AppIcon;
				ASSETCATALOG_COMPILER_GLOBAL_ACCENT_COLOR_NAME = AccentColor;
				CODE_SIGN_STYLE = Automatic;
				CURRENT_PROJECT_VERSION = 1;
				DEVELOPMENT_ASSET_PATHS = "\"Flashcards/Preview Content\"";
				DEVELOPMENT_TEAM = BLTBJ396L2;
				ENABLE_PREVIEWS = YES;
				GENERATE_INFOPLIST_FILE = YES;
				INFOPLIST_KEY_UIApplicationSceneManifest_Generation = YES;
				INFOPLIST_KEY_UIApplicationSupportsIndirectInputEvents = YES;
				INFOPLIST_KEY_UILaunchScreen_Generation = YES;
				INFOPLIST_KEY_UISupportedInterfaceOrientations_iPad = "UIInterfaceOrientationPortrait UIInterfaceOrientationPortraitUpsideDown UIInterfaceOrientationLandscapeLeft UIInterfaceOrientationLandscapeRight";
				INFOPLIST_KEY_UISupportedInterfaceOrientations_iPhone = "UIInterfaceOrientationPortrait UIInterfaceOrientationLandscapeLeft UIInterfaceOrientationLandscapeRight";
				IPHONEOS_DEPLOYMENT_TARGET = 17.4;
				LD_RUNPATH_SEARCH_PATHS = (
					"$(inherited)",
					"@executable_path/Frameworks",
				);
				MARKETING_VERSION = 1.0;
				PRODUCT_BUNDLE_IDENTIFIER = com.shikha.Flashcards;
				PRODUCT_NAME = "$(TARGET_NAME)";
				SWIFT_EMIT_LOC_STRINGS = YES;
				SWIFT_VERSION = 5.0;
				TARGETED_DEVICE_FAMILY = "1,2";
			};
			name = Debug;
		};
		097D4CFF2C06EF6C005CD630 /* Release */ = {
			isa = XCBuildConfiguration;
			buildSettings = {
				ASSETCATALOG_COMPILER_APPICON_NAME = AppIcon;
				ASSETCATALOG_COMPILER_GLOBAL_ACCENT_COLOR_NAME = AccentColor;
				CODE_SIGN_STYLE = Automatic;
				CURRENT_PROJECT_VERSION = 1;
				DEVELOPMENT_ASSET_PATHS = "\"Flashcards/Preview Content\"";
				DEVELOPMENT_TEAM = BLTBJ396L2;
				ENABLE_PREVIEWS = YES;
				GENERATE_INFOPLIST_FILE = YES;
				INFOPLIST_KEY_UIApplicationSceneManifest_Generation = YES;
				INFOPLIST_KEY_UIApplicationSupportsIndirectInputEvents = YES;
				INFOPLIST_KEY_UILaunchScreen_Generation = YES;
				INFOPLIST_KEY_UISupportedInterfaceOrientations_iPad = "UIInterfaceOrientationPortrait UIInterfaceOrientationPortraitUpsideDown UIInterfaceOrientationLandscapeLeft UIInterfaceOrientationLandscapeRight";
				INFOPLIST_KEY_UISupportedInterfaceOrientations_iPhone = "UIInterfaceOrientationPortrait UIInterfaceOrientationLandscapeLeft UIInterfaceOrientationLandscapeRight";
				IPHONEOS_DEPLOYMENT_TARGET = 17.4;
				LD_RUNPATH_SEARCH_PATHS = (
					"$(inherited)",
					"@executable_path/Frameworks",
				);
				MARKETING_VERSION = 1.0;
				PRODUCT_BUNDLE_IDENTIFIER = com.shikha.Flashcards;
				PRODUCT_NAME = "$(TARGET_NAME)";
				SWIFT_EMIT_LOC_STRINGS = YES;
				SWIFT_VERSION = 5.0;
				TARGETED_DEVICE_FAMILY = "1,2";
			};
			name = Release;
		};
		097D4D012C06EF6C005CD630 /* Debug */ = {
			isa = XCBuildConfiguration;
			buildSettings = {
				ALWAYS_EMBED_SWIFT_STANDARD_LIBRARIES = YES;
				BUNDLE_LOADER = "$(TEST_HOST)";
				CODE_SIGN_STYLE = Automatic;
				CURRENT_PROJECT_VERSION = 1;
				GENERATE_INFOPLIST_FILE = YES;
				IPHONEOS_DEPLOYMENT_TARGET = 17.5;
				MARKETING_VERSION = 1.0;
				PRODUCT_BUNDLE_IDENTIFIER = com.shikha.FlashcardsTests;
				PRODUCT_NAME = "$(TARGET_NAME)";
				SWIFT_EMIT_LOC_STRINGS = NO;
				SWIFT_VERSION = 5.0;
				TARGETED_DEVICE_FAMILY = "1,2";
				TEST_HOST = "$(BUILT_PRODUCTS_DIR)/Flashcards.app/$(BUNDLE_EXECUTABLE_FOLDER_PATH)/Flashcards";
			};
			name = Debug;
		};
		097D4D022C06EF6C005CD630 /* Release */ = {
			isa = XCBuildConfiguration;
			buildSettings = {
				ALWAYS_EMBED_SWIFT_STANDARD_LIBRARIES = YES;
				BUNDLE_LOADER = "$(TEST_HOST)";
				CODE_SIGN_STYLE = Automatic;
				CURRENT_PROJECT_VERSION = 1;
				GENERATE_INFOPLIST_FILE = YES;
				IPHONEOS_DEPLOYMENT_TARGET = 17.5;
				MARKETING_VERSION = 1.0;
				PRODUCT_BUNDLE_IDENTIFIER = com.shikha.FlashcardsTests;
				PRODUCT_NAME = "$(TARGET_NAME)";
				SWIFT_EMIT_LOC_STRINGS = NO;
				SWIFT_VERSION = 5.0;
				TARGETED_DEVICE_FAMILY = "1,2";
				TEST_HOST = "$(BUILT_PRODUCTS_DIR)/Flashcards.app/$(BUNDLE_EXECUTABLE_FOLDER_PATH)/Flashcards";
			};
			name = Release;
		};
		097D4D042C06EF6C005CD630 /* Debug */ = {
			isa = XCBuildConfiguration;
			buildSettings = {
				ALWAYS_EMBED_SWIFT_STANDARD_LIBRARIES = YES;
				CODE_SIGN_STYLE = Automatic;
				CURRENT_PROJECT_VERSION = 1;
				GENERATE_INFOPLIST_FILE = YES;
				MARKETING_VERSION = 1.0;
				PRODUCT_BUNDLE_IDENTIFIER = com.shikha.FlashcardsUITests;
				PRODUCT_NAME = "$(TARGET_NAME)";
				SWIFT_EMIT_LOC_STRINGS = NO;
				SWIFT_VERSION = 5.0;
				TARGETED_DEVICE_FAMILY = "1,2";
				TEST_TARGET_NAME = Flashcards;
			};
			name = Debug;
		};
		097D4D052C06EF6C005CD630 /* Release */ = {
			isa = XCBuildConfiguration;
			buildSettings = {
				ALWAYS_EMBED_SWIFT_STANDARD_LIBRARIES = YES;
				CODE_SIGN_STYLE = Automatic;
				CURRENT_PROJECT_VERSION = 1;
				DEVELOPMENT_TEAM = BLTBJ396L2;
				GENERATE_INFOPLIST_FILE = YES;
				MARKETING_VERSION = 1.0;
				PRODUCT_BUNDLE_IDENTIFIER = com.shikha.FlashcardsUITests;
				PRODUCT_NAME = "$(TARGET_NAME)";
				SWIFT_EMIT_LOC_STRINGS = NO;
				SWIFT_VERSION = 5.0;
				TARGETED_DEVICE_FAMILY = "1,2";
				TEST_TARGET_NAME = Flashcards;
			};
			name = Release;
		};
/* End XCBuildConfiguration section */

/* Begin XCConfigurationList section */
		097D4CD42C06EF6A005CD630 /* Build configuration list for PBXProject "Flashcards" */ = {
			isa = XCConfigurationList;
			buildConfigurations = (
				097D4CFB2C06EF6C005CD630 /* Debug */,
				097D4CFC2C06EF6C005CD630 /* Release */,
			);
			defaultConfigurationIsVisible = 0;
			defaultConfigurationName = Release;
		};
		097D4CFD2C06EF6C005CD630 /* Build configuration list for PBXNativeTarget "Flashcards" */ = {
			isa = XCConfigurationList;
			buildConfigurations = (
				097D4CFE2C06EF6C005CD630 /* Debug */,
				097D4CFF2C06EF6C005CD630 /* Release */,
			);
			defaultConfigurationIsVisible = 0;
			defaultConfigurationName = Release;
		};
		097D4D002C06EF6C005CD630 /* Build configuration list for PBXNativeTarget "FlashcardsTests" */ = {
			isa = XCConfigurationList;
			buildConfigurations = (
				097D4D012C06EF6C005CD630 /* Debug */,
				097D4D022C06EF6C005CD630 /* Release */,
			);
			defaultConfigurationIsVisible = 0;
			defaultConfigurationName = Release;
		};
		097D4D032C06EF6C005CD630 /* Build configuration list for PBXNativeTarget "FlashcardsUITests" */ = {
			isa = XCConfigurationList;
			buildConfigurations = (
				097D4D042C06EF6C005CD630 /* Debug */,
				097D4D052C06EF6C005CD630 /* Release */,
			);
			defaultConfigurationIsVisible = 0;
			defaultConfigurationName = Release;
		};
/* End XCConfigurationList section */
	};
	rootObject = 097D4CD12C06EF6A005CD630 /* Project object */;
}
